
Microsoft Visual Studio Solution File, Format Version 12.00
# Visual Studio Version 17
VisualStudioVersion = 17.1.32407.343
MinimumVisualStudioVersion = 10.0.40219.1
Project("{FAE04EC0-301F-11D3-BF4B-00C04F79EFBC}") = "GrammarConversion", "GrammarConversion.csproj", "{FD220053-0D7D-46A0-938F-540ACDF88773}"
EndProject
Global
	GlobalSection(SolutionConfigurationPlatforms) = preSolution
		Debug|Any CPU = Debug|Any CPU
		Release|Any CPU = Release|Any CPU
	EndGlobalSection
	GlobalSection(ProjectConfigurationPlatforms) = postSolution
		{FD220053-0D7D-46A0-938F-540ACDF88773}.Debug|Any CPU.ActiveCfg = Debug|Any CPU
		{FD220053-0D7D-46A0-938F-540ACDF88773}.Debug|Any CPU.Build.0 = Debug|Any CPU
		{FD220053-0D7D-46A0-938F-540ACDF88773}.Release|Any CPU.ActiveCfg = Release|Any CPU
		{FD220053-0D7D-46A0-938F-540ACDF88773}.Release|Any CPU.Build.0 = Release|Any CPU
	EndGlobalSection
	GlobalSection(SolutionProperties) = preSolution
		HideSolutionNode = FALSE
	EndGlobalSection
	GlobalSection(ExtensibilityGlobals) = postSolution
		SolutionGuid = {9E7050B5-7AC4-455C-97BC-5E107777B34E}
	EndGlobalSection
EndGlobal
